
Microsoft Visual Studio Solution File, Format Version 12.00
# Visual Studio 15
VisualStudioVersion = 15.0.27130.2010
MinimumVisualStudioVersion = 10.0.40219.1
Project("{9092AA53-FB77-4645-B42D-1CCCA6BD08BD}") = "OpenDataB7", "OpenDataB7\OpenDataB7.njsproj", "{23698537-F598-4460-B214-49B8C81FEF34}"
EndProject
Global
	GlobalSection(SolutionConfigurationPlatforms) = preSolution
		Debug|Any CPU = Debug|Any CPU
		Release|Any CPU = Release|Any CPU
	EndGlobalSection
	GlobalSection(ProjectConfigurationPlatforms) = postSolution
		{23698537-F598-4460-B214-49B8C81FEF34}.Debug|Any CPU.ActiveCfg = Debug|Any CPU
		{23698537-F598-4460-B214-49B8C81FEF34}.Debug|Any CPU.Build.0 = Debug|Any CPU
		{23698537-F598-4460-B214-49B8C81FEF34}.Release|Any CPU.ActiveCfg = Release|Any CPU
		{23698537-F598-4460-B214-49B8C81FEF34}.Release|Any CPU.Build.0 = Release|Any CPU
	EndGlobalSection
	GlobalSection(SolutionProperties) = preSolution
		HideSolutionNode = FALSE
	EndGlobalSection
	GlobalSection(ExtensibilityGlobals) = postSolution
		SolutionGuid = {37AA0EAC-8475-4257-8357-012F7B763CA3}
	EndGlobalSection
EndGlobal
